
Microsoft Visual Studio Solution File, Format Version 12.00
# Visual Studio Version 16
VisualStudioVersion = 16.0.30804.86
MinimumVisualStudioVersion = 10.0.40219.1
Project("{FAE04EC0-301F-11D3-BF4B-00C04F79EFBC}") = "Jomial_Final", "Jomial_Final\Jomial_Final.csproj", "{3907D85A-C1D5-460F-BC22-41A01974BCFA}"
EndProject
Global
	GlobalSection(SolutionConfigurationPlatforms) = preSolution
		Debug|Any CPU = Debug|Any CPU
		Release|Any CPU = Release|Any CPU
	EndGlobalSection
	GlobalSection(ProjectConfigurationPlatforms) = postSolution
		{3907D85A-C1D5-460F-BC22-41A01974BCFA}.Debug|Any CPU.ActiveCfg = Debug|Any CPU
		{3907D85A-C1D5-460F-BC22-41A01974BCFA}.Debug|Any CPU.Build.0 = Debug|Any CPU
		{3907D85A-C1D5-460F-BC22-41A01974BCFA}.Release|Any CPU.ActiveCfg = Release|Any CPU
		{3907D85A-C1D5-460F-BC22-41A01974BCFA}.Release|Any CPU.Build.0 = Release|Any CPU
	EndGlobalSection
	GlobalSection(SolutionProperties) = preSolution
		HideSolutionNode = FALSE
	EndGlobalSection
	GlobalSection(ExtensibilityGlobals) = postSolution
		SolutionGuid = {D4D7E4B7-9EF2-4F48-8E36-7A6FC23BF384}
	EndGlobalSection
EndGlobal
